
Microsoft Visual Studio Solution File, Format Version 12.00
# Visual Studio 14
VisualStudioVersion = 14.0.25123.0
MinimumVisualStudioVersion = 10.0.40219.1
Project("{FAE04EC0-301F-11D3-BF4B-00C04F79EFBC}") = "VkShell", "VkShell\VkShell.csproj", "{7D93A013-0CC2-4959-AA12-4A8139DFD3C3}"
EndProject
Project("{FAE04EC0-301F-11D3-BF4B-00C04F79EFBC}") = "VkApi", "VkApi\VkApi.csproj", "{24183E8B-AA8F-4351-852D-87819DB2F568}"
EndProject
Global
	GlobalSection(SolutionConfigurationPlatforms) = preSolution
		Debug|Any CPU = Debug|Any CPU
		Release|Any CPU = Release|Any CPU
	EndGlobalSection
	GlobalSection(ProjectConfigurationPlatforms) = postSolution
		{7D93A013-0CC2-4959-AA12-4A8139DFD3C3}.Debug|Any CPU.ActiveCfg = Debug|Any CPU
		{7D93A013-0CC2-4959-AA12-4A8139DFD3C3}.Debug|Any CPU.Build.0 = Debug|Any CPU
		{7D93A013-0CC2-4959-AA12-4A8139DFD3C3}.Release|Any CPU.ActiveCfg = Release|Any CPU
		{7D93A013-0CC2-4959-AA12-4A8139DFD3C3}.Release|Any CPU.Build.0 = Release|Any CPU
		{24183E8B-AA8F-4351-852D-87819DB2F568}.Debug|Any CPU.ActiveCfg = Debug|Any CPU
		{24183E8B-AA8F-4351-852D-87819DB2F568}.Debug|Any CPU.Build.0 = Debug|Any CPU
		{24183E8B-AA8F-4351-852D-87819DB2F568}.Release|Any CPU.ActiveCfg = Release|Any CPU
		{24183E8B-AA8F-4351-852D-87819DB2F568}.Release|Any CPU.Build.0 = Release|Any CPU
	EndGlobalSection
	GlobalSection(SolutionProperties) = preSolution
		HideSolutionNode = FALSE
	EndGlobalSection
EndGlobal
